
Microsoft Visual Studio Solution File, Format Version 12.00
# Visual Studio 2012
Project("{FAE04EC0-301F-11D3-BF4B-00C04F79EFBC}") = "ClangVSx2012", "ClangVSx2012.csproj", "{2207EE18-7E92-40D6-82DB-0E69DB3D287B}"
EndProject
Global
	GlobalSection(SolutionConfigurationPlatforms) = preSolution
		Debug|Any CPU = Debug|Any CPU
		Release|Any CPU = Release|Any CPU
	EndGlobalSection
	GlobalSection(ProjectConfigurationPlatforms) = postSolution
		{2207EE18-7E92-40D6-82DB-0E69DB3D287B}.Debug|Any CPU.ActiveCfg = Debug|Any CPU
		{2207EE18-7E92-40D6-82DB-0E69DB3D287B}.Debug|Any CPU.Build.0 = Debug|Any CPU
		{2207EE18-7E92-40D6-82DB-0E69DB3D287B}.Release|Any CPU.ActiveCfg = Release|Any CPU
		{2207EE18-7E92-40D6-82DB-0E69DB3D287B}.Release|Any CPU.Build.0 = Release|Any CPU
	EndGlobalSection
	GlobalSection(SolutionProperties) = preSolution
		HideSolutionNode = FALSE
	EndGlobalSection
EndGlobal
